// !$*UTF8*$!
{
	archiveVersion = 1;
	classes = {
	};
	objectVersion = 46;
	objects = {

/* Begin PBXBuildFile section */
		0701A87B1EE305F400900B3F /* Path+CGPath.swift in Sources */ = {isa = PBXBuildFile; fileRef = 0701A87A1EE305F400900B3F /* Path+CGPath.swift */; };
		0701A87C1EE305F400900B3F /* Path+CGPath.swift in Sources */ = {isa = PBXBuildFile; fileRef = 0701A87A1EE305F400900B3F /* Path+CGPath.swift */; };
		0701A88A1EE3104F00900B3F /* Point+CGPoint.swift in Sources */ = {isa = PBXBuildFile; fileRef = 0701A8891EE3104F00900B3F /* Point+CGPoint.swift */; };
		0701A88B1EE3104F00900B3F /* Point+CGPoint.swift in Sources */ = {isa = PBXBuildFile; fileRef = 0701A8891EE3104F00900B3F /* Point+CGPoint.swift */; };
		0701A88D1EE310A500900B3F /* Rectangle+CGRect.swift in Sources */ = {isa = PBXBuildFile; fileRef = 0701A88C1EE310A500900B3F /* Rectangle+CGRect.swift */; };
		0701A88E1EE310A500900B3F /* Rectangle+CGRect.swift in Sources */ = {isa = PBXBuildFile; fileRef = 0701A88C1EE310A500900B3F /* Rectangle+CGRect.swift */; };
		0701A8901EE310D000900B3F /* Size+CGSize.swift in Sources */ = {isa = PBXBuildFile; fileRef = 0701A88F1EE310D000900B3F /* Size+CGSize.swift */; };
		0701A8911EE310D000900B3F /* Size+CGSize.swift in Sources */ = {isa = PBXBuildFile; fileRef = 0701A88F1EE310D000900B3F /* Size+CGSize.swift */; };
		0701A8A11EE3376800900B3F /* TransformTests.swift in Sources */ = {isa = PBXBuildFile; fileRef = 0701A8A01EE3376800900B3F /* TransformTests.swift */; };
		0701A8A21EE3376800900B3F /* TransformTests.swift in Sources */ = {isa = PBXBuildFile; fileRef = 0701A8A01EE3376800900B3F /* TransformTests.swift */; };
		07088AC51D0AE8A600004FB2 /* Path.swift in Sources */ = {isa = PBXBuildFile; fileRef = 07088AC41D0AE8A600004FB2 /* Path.swift */; };
		07088AC61D0AE8A600004FB2 /* Path.swift in Sources */ = {isa = PBXBuildFile; fileRef = 07088AC41D0AE8A600004FB2 /* Path.swift */; };
		071EF2B91EE81BD600C0116B /* PolygonError.swift in Sources */ = {isa = PBXBuildFile; fileRef = 071EF2B81EE81BD600C0116B /* PolygonError.swift */; };
		071EF2BA1EE81BD600C0116B /* PolygonError.swift in Sources */ = {isa = PBXBuildFile; fileRef = 071EF2B81EE81BD600C0116B /* PolygonError.swift */; };
		071EF2BC1EE82F1F00C0116B /* VertexCollection.swift in Sources */ = {isa = PBXBuildFile; fileRef = 071EF2BB1EE82F1F00C0116B /* VertexCollection.swift */; };
		071EF2BD1EE82F1F00C0116B /* VertexCollection.swift in Sources */ = {isa = PBXBuildFile; fileRef = 071EF2BB1EE82F1F00C0116B /* VertexCollection.swift */; };
		07305A341D0F3F7F006E4085 /* Path+Square.swift in Sources */ = {isa = PBXBuildFile; fileRef = 07305A331D0F3F7F006E4085 /* Path+Square.swift */; };
		07305A351D0F3F7F006E4085 /* Path+Square.swift in Sources */ = {isa = PBXBuildFile; fileRef = 07305A331D0F3F7F006E4085 /* Path+Square.swift */; };
		0741EE591EE578A50002769D /* Polygon.swift in Sources */ = {isa = PBXBuildFile; fileRef = 0741EE581EE578A50002769D /* Polygon.swift */; };
		0741EE5A1EE578A50002769D /* Polygon.swift in Sources */ = {isa = PBXBuildFile; fileRef = 0741EE581EE578A50002769D /* Polygon.swift */; };
		0759A4781E3015B000E2E40C /* PathElement+CGPathElement.swift in Sources */ = {isa = PBXBuildFile; fileRef = 0759A4771E3015B000E2E40C /* PathElement+CGPathElement.swift */; };
		0759A4791E3015B000E2E40C /* PathElement+CGPathElement.swift in Sources */ = {isa = PBXBuildFile; fileRef = 0759A4771E3015B000E2E40C /* PathElement+CGPathElement.swift */; };
		0759A47B1E3015F100E2E40C /* PathElementTests.swift in Sources */ = {isa = PBXBuildFile; fileRef = 0759A47A1E3015F100E2E40C /* PathElementTests.swift */; };
		0759A47C1E3015F100E2E40C /* PathElementTests.swift in Sources */ = {isa = PBXBuildFile; fileRef = 0759A47A1E3015F100E2E40C /* PathElementTests.swift */; };
		07600F9B1EE47B410049E8B2 /* Path+CAShapeLayer.swift in Sources */ = {isa = PBXBuildFile; fileRef = 07600F9A1EE47B410049E8B2 /* Path+CAShapeLayer.swift */; };
		07600F9C1EE47B410049E8B2 /* Path+CAShapeLayer.swift in Sources */ = {isa = PBXBuildFile; fileRef = 07600F9A1EE47B410049E8B2 /* Path+CAShapeLayer.swift */; };
		07600F9E1EE489E90049E8B2 /* EllipseTests.swift in Sources */ = {isa = PBXBuildFile; fileRef = 07600F9D1EE489E90049E8B2 /* EllipseTests.swift */; };
		07600F9F1EE489E90049E8B2 /* EllipseTests.swift in Sources */ = {isa = PBXBuildFile; fileRef = 07600F9D1EE489E90049E8B2 /* EllipseTests.swift */; };
		0765472F1D0C861C008038B5 /* Path+Ellipse.swift in Sources */ = {isa = PBXBuildFile; fileRef = 0765472E1D0C861C008038B5 /* Path+Ellipse.swift */; };
		076547301D0C861C008038B5 /* Path+Ellipse.swift in Sources */ = {isa = PBXBuildFile; fileRef = 0765472E1D0C861C008038B5 /* Path+Ellipse.swift */; };
		076BD5961EE5B63F0064B6E4 /* Triangle.swift in Sources */ = {isa = PBXBuildFile; fileRef = 076BD5951EE5B63F0064B6E4 /* Triangle.swift */; };
		076BD5971EE5B63F0064B6E4 /* Triangle.swift in Sources */ = {isa = PBXBuildFile; fileRef = 076BD5951EE5B63F0064B6E4 /* Triangle.swift */; };
		078590421DE7624300FF1645 /* BezierCurve.swift in Sources */ = {isa = PBXBuildFile; fileRef = 078590411DE7624300FF1645 /* BezierCurve.swift */; };
		078590431DE7624300FF1645 /* BezierCurve.swift in Sources */ = {isa = PBXBuildFile; fileRef = 078590411DE7624300FF1645 /* BezierCurve.swift */; };
		078590451DE7625D00FF1645 /* LinearBezierCurve.swift in Sources */ = {isa = PBXBuildFile; fileRef = 078590441DE7625D00FF1645 /* LinearBezierCurve.swift */; };
		078590461DE7625D00FF1645 /* LinearBezierCurve.swift in Sources */ = {isa = PBXBuildFile; fileRef = 078590441DE7625D00FF1645 /* LinearBezierCurve.swift */; };
		078590481DE7626A00FF1645 /* QuadraticBezierCurve.swift in Sources */ = {isa = PBXBuildFile; fileRef = 078590471DE7626A00FF1645 /* QuadraticBezierCurve.swift */; };
		078590491DE7626A00FF1645 /* QuadraticBezierCurve.swift in Sources */ = {isa = PBXBuildFile; fileRef = 078590471DE7626A00FF1645 /* QuadraticBezierCurve.swift */; };
		0785904B1DE7627800FF1645 /* CubicBezierCurve.swift in Sources */ = {isa = PBXBuildFile; fileRef = 0785904A1DE7627800FF1645 /* CubicBezierCurve.swift */; };
		0785904C1DE7627800FF1645 /* CubicBezierCurve.swift in Sources */ = {isa = PBXBuildFile; fileRef = 0785904A1DE7627800FF1645 /* CubicBezierCurve.swift */; };
		07B8DFDB1EE6F92300BBB814 /* ConvexPolygon.swift in Sources */ = {isa = PBXBuildFile; fileRef = 07B8DFDA1EE6F92300BBB814 /* ConvexPolygon.swift */; };
		07B8DFDC1EE6F92300BBB814 /* ConvexPolygon.swift in Sources */ = {isa = PBXBuildFile; fileRef = 07B8DFDA1EE6F92300BBB814 /* ConvexPolygon.swift */; };
		07B8DFDE1EE7074600BBB814 /* Shape.swift in Sources */ = {isa = PBXBuildFile; fileRef = 07B8DFDD1EE7074600BBB814 /* Shape.swift */; };
		07B8DFDF1EE7074600BBB814 /* Shape.swift in Sources */ = {isa = PBXBuildFile; fileRef = 07B8DFDD1EE7074600BBB814 /* Shape.swift */; };
		07B8DFE71EE7148500BBB814 /* PolygonProtocol.swift in Sources */ = {isa = PBXBuildFile; fileRef = 07B8DFE61EE7148500BBB814 /* PolygonProtocol.swift */; };
		07B8DFE81EE7148500BBB814 /* PolygonProtocol.swift in Sources */ = {isa = PBXBuildFile; fileRef = 07B8DFE61EE7148500BBB814 /* PolygonProtocol.swift */; };
		07B8DFED1EE7158E00BBB814 /* ConvexPolygonProtocol.swift in Sources */ = {isa = PBXBuildFile; fileRef = 07B8DFEC1EE7158E00BBB814 /* ConvexPolygonProtocol.swift */; };
		07B8DFEE1EE7158E00BBB814 /* ConvexPolygonProtocol.swift in Sources */ = {isa = PBXBuildFile; fileRef = 07B8DFEC1EE7158E00BBB814 /* ConvexPolygonProtocol.swift */; };
		07B8DFF01EE715EF00BBB814 /* ConvexPolygonContainer.swift in Sources */ = {isa = PBXBuildFile; fileRef = 07B8DFEF1EE715EF00BBB814 /* ConvexPolygonContainer.swift */; };
		07B8DFF11EE715EF00BBB814 /* ConvexPolygonContainer.swift in Sources */ = {isa = PBXBuildFile; fileRef = 07B8DFEF1EE715EF00BBB814 /* ConvexPolygonContainer.swift */; };
		07B8DFF31EE718A700BBB814 /* CollisionDetection.swift in Sources */ = {isa = PBXBuildFile; fileRef = 07B8DFF21EE718A700BBB814 /* CollisionDetection.swift */; };
		07B8DFF41EE718A700BBB814 /* CollisionDetection.swift in Sources */ = {isa = PBXBuildFile; fileRef = 07B8DFF21EE718A700BBB814 /* CollisionDetection.swift */; };
		07B8DFF61EE71C3700BBB814 /* Polygon+Path.swift in Sources */ = {isa = PBXBuildFile; fileRef = 07B8DFF51EE71C3700BBB814 /* Polygon+Path.swift */; };
		07B8DFF71EE71C3700BBB814 /* Polygon+Path.swift in Sources */ = {isa = PBXBuildFile; fileRef = 07B8DFF51EE71C3700BBB814 /* Polygon+Path.swift */; };
		07C1F85C1D0C4E2800541ED5 /* Path+Rectangle.swift in Sources */ = {isa = PBXBuildFile; fileRef = 07C1F85B1D0C4E2800541ED5 /* Path+Rectangle.swift */; };
		07C1F85D1D0C4E2800541ED5 /* Path+Rectangle.swift in Sources */ = {isa = PBXBuildFile; fileRef = 07C1F85B1D0C4E2800541ED5 /* Path+Rectangle.swift */; };
		07C1F85F1D0C4E7400541ED5 /* Path+Circle.swift in Sources */ = {isa = PBXBuildFile; fileRef = 07C1F85E1D0C4E7400541ED5 /* Path+Circle.swift */; };
		07C1F8601D0C4E7400541ED5 /* Path+Circle.swift in Sources */ = {isa = PBXBuildFile; fileRef = 07C1F85E1D0C4E7400541ED5 /* Path+Circle.swift */; };
		07C1F8621D0C4EA900541ED5 /* Path+Transform.swift in Sources */ = {isa = PBXBuildFile; fileRef = 07C1F8611D0C4EA900541ED5 /* Path+Transform.swift */; };
		07C1F8631D0C4EA900541ED5 /* Path+Transform.swift in Sources */ = {isa = PBXBuildFile; fileRef = 07C1F8611D0C4EA900541ED5 /* Path+Transform.swift */; };
		07C1F8651D0C513900541ED5 /* Path+Parallelogram.swift in Sources */ = {isa = PBXBuildFile; fileRef = 07C1F8641D0C513900541ED5 /* Path+Parallelogram.swift */; };
		07C1F8661D0C513900541ED5 /* Path+Parallelogram.swift in Sources */ = {isa = PBXBuildFile; fileRef = 07C1F8641D0C513900541ED5 /* Path+Parallelogram.swift */; };
		07C1F8681D0C517400541ED5 /* Path+Arrowhead.swift in Sources */ = {isa = PBXBuildFile; fileRef = 07C1F8671D0C517400541ED5 /* Path+Arrowhead.swift */; };
		07C1F8691D0C517400541ED5 /* Path+Arrowhead.swift in Sources */ = {isa = PBXBuildFile; fileRef = 07C1F8671D0C517400541ED5 /* Path+Arrowhead.swift */; };
		07C1F86B1D0C537300541ED5 /* Path+BoundingBox.swift in Sources */ = {isa = PBXBuildFile; fileRef = 07C1F86A1D0C537300541ED5 /* Path+BoundingBox.swift */; };
		07C1F86C1D0C537300541ED5 /* Path+BoundingBox.swift in Sources */ = {isa = PBXBuildFile; fileRef = 07C1F86A1D0C537300541ED5 /* Path+BoundingBox.swift */; };
		07EC99231D0AF7C8002414A4 /* PathElement.swift in Sources */ = {isa = PBXBuildFile; fileRef = 07EC99221D0AF7C8002414A4 /* PathElement.swift */; };
		07EC99241D0AF7C8002414A4 /* PathElement.swift in Sources */ = {isa = PBXBuildFile; fileRef = 07EC99221D0AF7C8002414A4 /* PathElement.swift */; };
		07EC99261D0AFC54002414A4 /* PathTests.swift in Sources */ = {isa = PBXBuildFile; fileRef = 07EC99251D0AFC54002414A4 /* PathTests.swift */; };
		07EC99271D0AFC54002414A4 /* PathTests.swift in Sources */ = {isa = PBXBuildFile; fileRef = 07EC99251D0AFC54002414A4 /* PathTests.swift */; };
		0C658A9BF1FB93E239D1D3C9 /* Cocoa.framework in Frameworks */ = {isa = PBXBuildFile; fileRef = 3CF6FFE527F83C6942F370B0 /* Cocoa.framework */; };
		0F5759CEB84BF2765A7539BF /* PathTools.framework in CopyFiles */ = {isa = PBXBuildFile; fileRef = EB8A2302ABFAC822A9897B24 /* PathTools.framework */; settings = {ATTRIBUTES = (CodeSignOnCopy, ); }; };
		17E1F7E25A1D41C35CEB4F78 /* Foundation.framework in Frameworks */ = {isa = PBXBuildFile; fileRef = 67E28496AB556DE9D0554A97 /* Foundation.framework */; };
		3E2C797DB6498B50F9CB5FBB /* PathTools.h in Headers */ = {isa = PBXBuildFile; fileRef = 2DD49210EE192148DBAB072B /* PathTools.h */; settings = {ATTRIBUTES = (Public, ); }; };
		434F7E8DBDF0241345880C70 /* PathTools.framework in CopyFiles */ = {isa = PBXBuildFile; fileRef = 4E2D3F085ABD47319CBD9E9B /* PathTools.framework */; settings = {ATTRIBUTES = (CodeSignOnCopy, ); }; };
		A37525374C3C4EC7BB3E8CCA /* Cocoa.framework in Frameworks */ = {isa = PBXBuildFile; fileRef = 3CF6FFE527F83C6942F370B0 /* Cocoa.framework */; };
		BABDE4FF2FDC08E23D1231BC /* PathTools.h in Headers */ = {isa = PBXBuildFile; fileRef = 2DD49210EE192148DBAB072B /* PathTools.h */; settings = {ATTRIBUTES = (Public, ); }; };
		E2F2E1A0A8E18744863E128E /* Foundation.framework in Frameworks */ = {isa = PBXBuildFile; fileRef = 67E28496AB556DE9D0554A97 /* Foundation.framework */; };
/* End PBXBuildFile section */

/* Begin PBXContainerItemProxy section */
		A32614C028607458F4D9C03D /* PBXContainerItemProxy */ = {
			isa = PBXContainerItemProxy;
			containerPortal = 218DA9722E70AA04CE1CE7E2 /* Project object */;
			proxyType = 1;
			remoteGlobalIDString = BF61B2F805E6EAE4803EFF1A;
			remoteInfo = PathToolsMac;
		};
		DA6530E341A891075815218E /* PBXContainerItemProxy */ = {
			isa = PBXContainerItemProxy;
			containerPortal = 218DA9722E70AA04CE1CE7E2 /* Project object */;
			proxyType = 1;
			remoteGlobalIDString = 265AF74D52742E81C475E0FB;
			remoteInfo = PathTools;
		};
/* End PBXContainerItemProxy section */

/* Begin PBXCopyFilesBuildPhase section */
		A28DAAEAD5EC689A5BF5E99A /* CopyFiles */ = {
			isa = PBXCopyFilesBuildPhase;
			buildActionMask = 2147483647;
			dstPath = "";
			dstSubfolderSpec = 7;
			files = (
				434F7E8DBDF0241345880C70 /* PathTools.framework in CopyFiles */,
			);
			runOnlyForDeploymentPostprocessing = 0;
		};
		B1B78DD9487EF7474D149457 /* CopyFiles */ = {
			isa = PBXCopyFilesBuildPhase;
			buildActionMask = 2147483647;
			dstPath = "";
			dstSubfolderSpec = 7;
			files = (
				0F5759CEB84BF2765A7539BF /* PathTools.framework in CopyFiles */,
			);
			runOnlyForDeploymentPostprocessing = 0;
		};
/* End PBXCopyFilesBuildPhase section */

/* Begin PBXFileReference section */
		0701A87A1EE305F400900B3F /* Path+CGPath.swift */ = {isa = PBXFileReference; fileEncoding = 4; lastKnownFileType = sourcecode.swift; name = "Path+CGPath.swift"; path = "PathTools/Path+CGPath.swift"; sourceTree = "<group>"; };
		0701A8891EE3104F00900B3F /* Point+CGPoint.swift */ = {isa = PBXFileReference; fileEncoding = 4; lastKnownFileType = sourcecode.swift; name = "Point+CGPoint.swift"; path = "PathTools/Point+CGPoint.swift"; sourceTree = "<group>"; };
		0701A88C1EE310A500900B3F /* Rectangle+CGRect.swift */ = {isa = PBXFileReference; fileEncoding = 4; lastKnownFileType = sourcecode.swift; name = "Rectangle+CGRect.swift"; path = "PathTools/Rectangle+CGRect.swift"; sourceTree = "<group>"; };
		0701A88F1EE310D000900B3F /* Size+CGSize.swift */ = {isa = PBXFileReference; fileEncoding = 4; lastKnownFileType = sourcecode.swift; name = "Size+CGSize.swift"; path = "PathTools/Size+CGSize.swift"; sourceTree = "<group>"; };
		0701A8A01EE3376800900B3F /* TransformTests.swift */ = {isa = PBXFileReference; fileEncoding = 4; lastKnownFileType = sourcecode.swift; name = TransformTests.swift; path = PathToolsTests/TransformTests.swift; sourceTree = "<group>"; };
		07088AC41D0AE8A600004FB2 /* Path.swift */ = {isa = PBXFileReference; fileEncoding = 4; lastKnownFileType = sourcecode.swift; name = Path.swift; path = PathTools/Path.swift; sourceTree = "<group>"; };
		071EF2B81EE81BD600C0116B /* PolygonError.swift */ = {isa = PBXFileReference; fileEncoding = 4; lastKnownFileType = sourcecode.swift; name = PolygonError.swift; path = PathTools/PolygonError.swift; sourceTree = "<group>"; };
		071EF2BB1EE82F1F00C0116B /* VertexCollection.swift */ = {isa = PBXFileReference; fileEncoding = 4; lastKnownFileType = sourcecode.swift; name = VertexCollection.swift; path = PathTools/VertexCollection.swift; sourceTree = "<group>"; };
		07305A331D0F3F7F006E4085 /* Path+Square.swift */ = {isa = PBXFileReference; fileEncoding = 4; lastKnownFileType = sourcecode.swift; name = "Path+Square.swift"; path = "PathTools/Path+Square.swift"; sourceTree = "<group>"; };
		0741EE581EE578A50002769D /* Polygon.swift */ = {isa = PBXFileReference; fileEncoding = 4; lastKnownFileType = sourcecode.swift; name = Polygon.swift; path = PathTools/Polygon.swift; sourceTree = "<group>"; };
		0759A4771E3015B000E2E40C /* PathElement+CGPathElement.swift */ = {isa = PBXFileReference; fileEncoding = 4; lastKnownFileType = sourcecode.swift; name = "PathElement+CGPathElement.swift"; path = "PathTools/PathElement+CGPathElement.swift"; sourceTree = "<group>"; };
		0759A47A1E3015F100E2E40C /* PathElementTests.swift */ = {isa = PBXFileReference; fileEncoding = 4; lastKnownFileType = sourcecode.swift; name = PathElementTests.swift; path = PathToolsTests/PathElementTests.swift; sourceTree = "<group>"; };
		07600F9A1EE47B410049E8B2 /* Path+CAShapeLayer.swift */ = {isa = PBXFileReference; fileEncoding = 4; lastKnownFileType = sourcecode.swift; name = "Path+CAShapeLayer.swift"; path = "PathTools/Path+CAShapeLayer.swift"; sourceTree = "<group>"; };
		07600F9D1EE489E90049E8B2 /* EllipseTests.swift */ = {isa = PBXFileReference; fileEncoding = 4; lastKnownFileType = sourcecode.swift; name = EllipseTests.swift; path = PathTools/EllipseTests.swift; sourceTree = "<group>"; };
		0765472E1D0C861C008038B5 /* Path+Ellipse.swift */ = {isa = PBXFileReference; fileEncoding = 4; lastKnownFileType = sourcecode.swift; name = "Path+Ellipse.swift"; path = "PathTools/Path+Ellipse.swift"; sourceTree = "<group>"; };
		076BD5951EE5B63F0064B6E4 /* Triangle.swift */ = {isa = PBXFileReference; fileEncoding = 4; lastKnownFileType = sourcecode.swift; name = Triangle.swift; path = PathTools/Triangle.swift; sourceTree = "<group>"; };
		078590411DE7624300FF1645 /* BezierCurve.swift */ = {isa = PBXFileReference; fileEncoding = 4; lastKnownFileType = sourcecode.swift; name = BezierCurve.swift; path = PathTools/BezierCurve.swift; sourceTree = "<group>"; };
		078590441DE7625D00FF1645 /* LinearBezierCurve.swift */ = {isa = PBXFileReference; fileEncoding = 4; lastKnownFileType = sourcecode.swift; name = LinearBezierCurve.swift; path = PathTools/LinearBezierCurve.swift; sourceTree = "<group>"; };
		078590471DE7626A00FF1645 /* QuadraticBezierCurve.swift */ = {isa = PBXFileReference; fileEncoding = 4; lastKnownFileType = sourcecode.swift; name = QuadraticBezierCurve.swift; path = PathTools/QuadraticBezierCurve.swift; sourceTree = "<group>"; };
		0785904A1DE7627800FF1645 /* CubicBezierCurve.swift */ = {isa = PBXFileReference; fileEncoding = 4; lastKnownFileType = sourcecode.swift; name = CubicBezierCurve.swift; path = PathTools/CubicBezierCurve.swift; sourceTree = "<group>"; };
		07B8DFDA1EE6F92300BBB814 /* ConvexPolygon.swift */ = {isa = PBXFileReference; fileEncoding = 4; lastKnownFileType = sourcecode.swift; name = ConvexPolygon.swift; path = PathTools/ConvexPolygon.swift; sourceTree = "<group>"; };
		07B8DFDD1EE7074600BBB814 /* Shape.swift */ = {isa = PBXFileReference; fileEncoding = 4; lastKnownFileType = sourcecode.swift; name = Shape.swift; path = PathTools/Shape.swift; sourceTree = "<group>"; };
		07B8DFE61EE7148500BBB814 /* PolygonProtocol.swift */ = {isa = PBXFileReference; fileEncoding = 4; lastKnownFileType = sourcecode.swift; name = PolygonProtocol.swift; path = PathTools/PolygonProtocol.swift; sourceTree = "<group>"; };
		07B8DFEC1EE7158E00BBB814 /* ConvexPolygonProtocol.swift */ = {isa = PBXFileReference; fileEncoding = 4; lastKnownFileType = sourcecode.swift; name = ConvexPolygonProtocol.swift; path = PathTools/ConvexPolygonProtocol.swift; sourceTree = "<group>"; };
		07B8DFEF1EE715EF00BBB814 /* ConvexPolygonContainer.swift */ = {isa = PBXFileReference; fileEncoding = 4; lastKnownFileType = sourcecode.swift; name = ConvexPolygonContainer.swift; path = PathTools/ConvexPolygonContainer.swift; sourceTree = "<group>"; };
		07B8DFF21EE718A700BBB814 /* CollisionDetection.swift */ = {isa = PBXFileReference; fileEncoding = 4; lastKnownFileType = sourcecode.swift; name = CollisionDetection.swift; path = PathTools/CollisionDetection.swift; sourceTree = "<group>"; };
		07B8DFF51EE71C3700BBB814 /* Polygon+Path.swift */ = {isa = PBXFileReference; fileEncoding = 4; lastKnownFileType = sourcecode.swift; name = "Polygon+Path.swift"; path = "PathTools/Polygon+Path.swift"; sourceTree = "<group>"; };
		07C1F85B1D0C4E2800541ED5 /* Path+Rectangle.swift */ = {isa = PBXFileReference; fileEncoding = 4; lastKnownFileType = sourcecode.swift; name = "Path+Rectangle.swift"; path = "PathTools/Path+Rectangle.swift"; sourceTree = "<group>"; };
		07C1F85E1D0C4E7400541ED5 /* Path+Circle.swift */ = {isa = PBXFileReference; fileEncoding = 4; lastKnownFileType = sourcecode.swift; name = "Path+Circle.swift"; path = "PathTools/Path+Circle.swift"; sourceTree = "<group>"; };
		07C1F8611D0C4EA900541ED5 /* Path+Transform.swift */ = {isa = PBXFileReference; fileEncoding = 4; lastKnownFileType = sourcecode.swift; name = "Path+Transform.swift"; path = "PathTools/Path+Transform.swift"; sourceTree = "<group>"; };
		07C1F8641D0C513900541ED5 /* Path+Parallelogram.swift */ = {isa = PBXFileReference; fileEncoding = 4; lastKnownFileType = sourcecode.swift; name = "Path+Parallelogram.swift"; path = "PathTools/Path+Parallelogram.swift"; sourceTree = "<group>"; };
		07C1F8671D0C517400541ED5 /* Path+Arrowhead.swift */ = {isa = PBXFileReference; fileEncoding = 4; lastKnownFileType = sourcecode.swift; name = "Path+Arrowhead.swift"; path = "PathTools/Path+Arrowhead.swift"; sourceTree = "<group>"; };
		07C1F86A1D0C537300541ED5 /* Path+BoundingBox.swift */ = {isa = PBXFileReference; fileEncoding = 4; lastKnownFileType = sourcecode.swift; name = "Path+BoundingBox.swift"; path = "PathTools/Path+BoundingBox.swift"; sourceTree = "<group>"; };
		07EC99221D0AF7C8002414A4 /* PathElement.swift */ = {isa = PBXFileReference; fileEncoding = 4; lastKnownFileType = sourcecode.swift; name = PathElement.swift; path = PathTools/PathElement.swift; sourceTree = "<group>"; };
		07EC99251D0AFC54002414A4 /* PathTests.swift */ = {isa = PBXFileReference; fileEncoding = 4; lastKnownFileType = sourcecode.swift; name = PathTests.swift; path = PathToolsTests/PathTests.swift; sourceTree = "<group>"; };
		2DD49210EE192148DBAB072B /* PathTools.h */ = {isa = PBXFileReference; includeInIndex = 1; lastKnownFileType = sourcecode.c.h; name = PathTools.h; path = PathTools/PathTools.h; sourceTree = "<group>"; };
		3CF6FFE527F83C6942F370B0 /* Cocoa.framework */ = {isa = PBXFileReference; lastKnownFileType = wrapper.framework; name = Cocoa.framework; path = Platforms/MacOSX.platform/Developer/SDKs/MacOSX10.11.sdk/System/Library/Frameworks/Cocoa.framework; sourceTree = DEVELOPER_DIR; };
		4E2D3F085ABD47319CBD9E9B /* PathTools.framework */ = {isa = PBXFileReference; includeInIndex = 1; lastKnownFileType = wrapper.framework; path = PathTools.framework; sourceTree = BUILT_PRODUCTS_DIR; };
		67E28496AB556DE9D0554A97 /* Foundation.framework */ = {isa = PBXFileReference; lastKnownFileType = wrapper.framework; name = Foundation.framework; path = Platforms/iPhoneOS.platform/Developer/SDKs/iPhoneOS9.0.sdk/System/Library/Frameworks/Foundation.framework; sourceTree = DEVELOPER_DIR; };
		7898EA31F055C6960F8172BA /* PathTools.framework */ = {isa = PBXFileReference; explicitFileType = wrapper.framework; includeInIndex = 0; path = PathTools.framework; sourceTree = BUILT_PRODUCTS_DIR; };
		9CD5EECB5CEE1D7C93160883 /* PathTools iOS Tests.xctest */ = {isa = PBXFileReference; explicitFileType = wrapper.cfbundle; includeInIndex = 0; path = "PathTools iOS Tests.xctest"; sourceTree = BUILT_PRODUCTS_DIR; };
		9D03A8860D3A30A883CBE3EC /* Info.plist */ = {isa = PBXFileReference; includeInIndex = 1; lastKnownFileType = text.plist.xml; name = Info.plist; path = PathTools/Info.plist; sourceTree = "<group>"; };
		B19749FE16B0C74D382E79F0 /* PathTools.framework */ = {isa = PBXFileReference; explicitFileType = wrapper.framework; includeInIndex = 0; path = PathTools.framework; sourceTree = BUILT_PRODUCTS_DIR; };
		BDA680219255972171CC975F /* Info.plist */ = {isa = PBXFileReference; includeInIndex = 1; lastKnownFileType = text.plist.xml; name = Info.plist; path = PathToolsTests/Info.plist; sourceTree = "<group>"; };
		D6E4046631662D19AF634CA2 /* PathTools macOS Tests.xctest */ = {isa = PBXFileReference; explicitFileType = wrapper.cfbundle; includeInIndex = 0; path = "PathTools macOS Tests.xctest"; sourceTree = BUILT_PRODUCTS_DIR; };
		EB8A2302ABFAC822A9897B24 /* PathTools.framework */ = {isa = PBXFileReference; includeInIndex = 1; lastKnownFileType = wrapper.framework; path = PathTools.framework; sourceTree = BUILT_PRODUCTS_DIR; };
/* End PBXFileReference section */

/* Begin PBXFrameworksBuildPhase section */
		41701181D99616F2951E86F8 /* Frameworks */ = {
			isa = PBXFrameworksBuildPhase;
			buildActionMask = 2147483647;
			files = (
				A37525374C3C4EC7BB3E8CCA /* Cocoa.framework in Frameworks */,
			);
			runOnlyForDeploymentPostprocessing = 0;
		};
		49FCC7E36D1BCFABC78EDD30 /* Frameworks */ = {
			isa = PBXFrameworksBuildPhase;
			buildActionMask = 2147483647;
			files = (
				E2F2E1A0A8E18744863E128E /* Foundation.framework in Frameworks */,
			);
			runOnlyForDeploymentPostprocessing = 0;
		};
		9C7CA24A7D79D9676F9150FB /* Frameworks */ = {
			isa = PBXFrameworksBuildPhase;
			buildActionMask = 2147483647;
			files = (
				17E1F7E25A1D41C35CEB4F78 /* Foundation.framework in Frameworks */,
			);
			runOnlyForDeploymentPostprocessing = 0;
		};
		CD0EB7CECE79D4309E276765 /* Frameworks */ = {
			isa = PBXFrameworksBuildPhase;
			buildActionMask = 2147483647;
			files = (
				0C658A9BF1FB93E239D1D3C9 /* Cocoa.framework in Frameworks */,
			);
			runOnlyForDeploymentPostprocessing = 0;
		};
/* End PBXFrameworksBuildPhase section */

/* Begin PBXGroup section */
		0701A8781EE3055700900B3F /* Path */ = {
			isa = PBXGroup;
			children = (
				07B8DFDD1EE7074600BBB814 /* Shape.swift */,
				071EF2BB1EE82F1F00C0116B /* VertexCollection.swift */,
				071EF2B81EE81BD600C0116B /* PolygonError.swift */,
				07B8DFE61EE7148500BBB814 /* PolygonProtocol.swift */,
				0741EE581EE578A50002769D /* Polygon.swift */,
				07B8DFF51EE71C3700BBB814 /* Polygon+Path.swift */,
				07B8DFEC1EE7158E00BBB814 /* ConvexPolygonProtocol.swift */,
				07B8DFDA1EE6F92300BBB814 /* ConvexPolygon.swift */,
				076BD5951EE5B63F0064B6E4 /* Triangle.swift */,
				07B8DFEF1EE715EF00BBB814 /* ConvexPolygonContainer.swift */,
				07B8DFF21EE718A700BBB814 /* CollisionDetection.swift */,
				07305A331D0F3F7F006E4085 /* Path+Square.swift */,
				07C1F8611D0C4EA900541ED5 /* Path+Transform.swift */,
				07C1F86A1D0C537300541ED5 /* Path+BoundingBox.swift */,
				07C1F85B1D0C4E2800541ED5 /* Path+Rectangle.swift */,
				07C1F85E1D0C4E7400541ED5 /* Path+Circle.swift */,
				0765472E1D0C861C008038B5 /* Path+Ellipse.swift */,
				07C1F8641D0C513900541ED5 /* Path+Parallelogram.swift */,
				07C1F8671D0C517400541ED5 /* Path+Arrowhead.swift */,
				07EC99221D0AF7C8002414A4 /* PathElement.swift */,
				07088AC41D0AE8A600004FB2 /* Path.swift */,
			);
			name = Path;
			sourceTree = "<group>";
		};
		07600F991EE47AE80049E8B2 /* CoreGraphics */ = {
			isa = PBXGroup;
			children = (
				0701A8891EE3104F00900B3F /* Point+CGPoint.swift */,
				0701A88C1EE310A500900B3F /* Rectangle+CGRect.swift */,
				0701A88F1EE310D000900B3F /* Size+CGSize.swift */,
				0759A4771E3015B000E2E40C /* PathElement+CGPathElement.swift */,
				0701A87A1EE305F400900B3F /* Path+CGPath.swift */,
				07600F9A1EE47B410049E8B2 /* Path+CAShapeLayer.swift */,
			);
			name = CoreGraphics;
			sourceTree = "<group>";
		};
		078590401DE761D100FF1645 /* BezierCurve */ = {
			isa = PBXGroup;
			children = (
				078590411DE7624300FF1645 /* BezierCurve.swift */,
				078590441DE7625D00FF1645 /* LinearBezierCurve.swift */,
				078590471DE7626A00FF1645 /* QuadraticBezierCurve.swift */,
				0785904A1DE7627800FF1645 /* CubicBezierCurve.swift */,
			);
			name = BezierCurve;
			sourceTree = "<group>";
		};
		133469E3C4CD1699B566343A /* Supporting Files */ = {
			isa = PBXGroup;
			children = (
				BDA680219255972171CC975F /* Info.plist */,
			);
			name = "Supporting Files";
			sourceTree = "<group>";
		};
		23D4DDB9DE2A8A418DC2235A /* Supporting Files */ = {
			isa = PBXGroup;
			children = (
				9D03A8860D3A30A883CBE3EC /* Info.plist */,
			);
			name = "Supporting Files";
			sourceTree = "<group>";
		};
		2524A3D044065BEA12A73E66 /* PathTools */ = {
			isa = PBXGroup;
			children = (
				23D4DDB9DE2A8A418DC2235A /* Supporting Files */,
				07600F991EE47AE80049E8B2 /* CoreGraphics */,
				0701A8781EE3055700900B3F /* Path */,
				078590401DE761D100FF1645 /* BezierCurve */,
			);
			name = PathTools;
			sourceTree = "<group>";
		};
		333AE4DCDD3A0157354C1583 /* OS X */ = {
			isa = PBXGroup;
			children = (
				3CF6FFE527F83C6942F370B0 /* Cocoa.framework */,
			);
			name = "OS X";
			sourceTree = "<group>";
		};
		4DD81875D949427F662F704E /* iOS */ = {
			isa = PBXGroup;
			children = (
				67E28496AB556DE9D0554A97 /* Foundation.framework */,
			);
			name = iOS;
			sourceTree = "<group>";
		};
		746C966B00551867158755BC /* PathToolsTests */ = {
			isa = PBXGroup;
			children = (
				133469E3C4CD1699B566343A /* Supporting Files */,
				0759A47A1E3015F100E2E40C /* PathElementTests.swift */,
				0701A8A01EE3376800900B3F /* TransformTests.swift */,
				07600F9D1EE489E90049E8B2 /* EllipseTests.swift */,
				07EC99251D0AFC54002414A4 /* PathTests.swift */,
			);
			name = PathToolsTests;
			sourceTree = "<group>";
		};
		9B2DC7BB8911443DA50B5C4D = {
			isa = PBXGroup;
			children = (
				B99C7DA1B4109BA5DD7F4967 /* Products */,
				B2A6D35F674F655A87A1B843 /* Frameworks */,
				2524A3D044065BEA12A73E66 /* PathTools */,
				746C966B00551867158755BC /* PathToolsTests */,
				2DD49210EE192148DBAB072B /* PathTools.h */,
			);
			sourceTree = "<group>";
		};
		B2A6D35F674F655A87A1B843 /* Frameworks */ = {
			isa = PBXGroup;
			children = (
				4DD81875D949427F662F704E /* iOS */,
				333AE4DCDD3A0157354C1583 /* OS X */,
			);
			name = Frameworks;
			sourceTree = "<group>";
		};
		B99C7DA1B4109BA5DD7F4967 /* Products */ = {
			isa = PBXGroup;
			children = (
				7898EA31F055C6960F8172BA /* PathTools.framework */,
				9CD5EECB5CEE1D7C93160883 /* PathTools iOS Tests.xctest */,
				B19749FE16B0C74D382E79F0 /* PathTools.framework */,
				D6E4046631662D19AF634CA2 /* PathTools macOS Tests.xctest */,
			);
			name = Products;
			sourceTree = "<group>";
		};
/* End PBXGroup section */

/* Begin PBXHeadersBuildPhase section */
		8D2B8E1B493A9A4FA7A53D0C /* Headers */ = {
			isa = PBXHeadersBuildPhase;
			buildActionMask = 2147483647;
			files = (
				3E2C797DB6498B50F9CB5FBB /* PathTools.h in Headers */,
			);
			runOnlyForDeploymentPostprocessing = 0;
		};
		962683DBE901D94184F45D68 /* Headers */ = {
			isa = PBXHeadersBuildPhase;
			buildActionMask = 2147483647;
			files = (
				BABDE4FF2FDC08E23D1231BC /* PathTools.h in Headers */,
			);
			runOnlyForDeploymentPostprocessing = 0;
		};
/* End PBXHeadersBuildPhase section */

/* Begin PBXNativeTarget section */
		265AF74D52742E81C475E0FB /* PathTools iOS */ = {
			isa = PBXNativeTarget;
			buildConfigurationList = 97607844991FCC3DB0C737C1 /* Build configuration list for PBXNativeTarget "PathTools iOS" */;
			buildPhases = (
				66865DF72D12F5D2AC8D249D /* Sources */,
				9C7CA24A7D79D9676F9150FB /* Frameworks */,
				8D2B8E1B493A9A4FA7A53D0C /* Headers */,
			);
			buildRules = (
			);
			dependencies = (
			);
			name = "PathTools iOS";
			productName = PathTools;
			productReference = 7898EA31F055C6960F8172BA /* PathTools.framework */;
			productType = "com.apple.product-type.framework";
		};
		803B79FD5674F6F2DFD55144 /* PathTools iOS Tests */ = {
			isa = PBXNativeTarget;
			buildConfigurationList = 60060FAD382CE00CA864454F /* Build configuration list for PBXNativeTarget "PathTools iOS Tests" */;
			buildPhases = (
				754FD5CD53D0C5B9F589E254 /* Sources */,
				49FCC7E36D1BCFABC78EDD30 /* Frameworks */,
				A28DAAEAD5EC689A5BF5E99A /* CopyFiles */,
				0785904D1DE7747400FF1645 /* ShellScript */,
			);
			buildRules = (
			);
			dependencies = (
				854438D4E0CA66641EB517CF /* PBXTargetDependency */,
			);
			name = "PathTools iOS Tests";
			productName = PathToolsTests;
			productReference = 9CD5EECB5CEE1D7C93160883 /* PathTools iOS Tests.xctest */;
			productType = "com.apple.product-type.bundle.unit-test";
		};
		BF61B2F805E6EAE4803EFF1A /* PathTools macOS */ = {
			isa = PBXNativeTarget;
			buildConfigurationList = F3E655FAB6CB594D8D1EE768 /* Build configuration list for PBXNativeTarget "PathTools macOS" */;
			buildPhases = (
				5E003459D8D2D3565E7BF4A9 /* Sources */,
				CD0EB7CECE79D4309E276765 /* Frameworks */,
				962683DBE901D94184F45D68 /* Headers */,
			);
			buildRules = (
			);
			dependencies = (
			);
			name = "PathTools macOS";
			productName = PathToolsMac;
			productReference = B19749FE16B0C74D382E79F0 /* PathTools.framework */;
			productType = "com.apple.product-type.framework";
		};
		DBC650E512F60F48E52EFBBC /* PathTools macOS Tests */ = {
			isa = PBXNativeTarget;
			buildConfigurationList = B4684FD5060A7AFB3923FA1F /* Build configuration list for PBXNativeTarget "PathTools macOS Tests" */;
			buildPhases = (
				7CABFF78B65F409E2C2E5BFD /* Sources */,
				41701181D99616F2951E86F8 /* Frameworks */,
				B1B78DD9487EF7474D149457 /* CopyFiles */,
				0785904E1DE7749700FF1645 /* ShellScript */,
			);
			buildRules = (
			);
			dependencies = (
				99184980BF287FA6C4DA4C46 /* PBXTargetDependency */,
			);
			name = "PathTools macOS Tests";
			productName = PathToolsMacTests;
			productReference = D6E4046631662D19AF634CA2 /* PathTools macOS Tests.xctest */;
			productType = "com.apple.product-type.bundle.unit-test";
		};
/* End PBXNativeTarget section */

/* Begin PBXProject section */
		218DA9722E70AA04CE1CE7E2 /* Project object */ = {
			isa = PBXProject;
			attributes = {
				LastSwiftUpdateCheck = 0730;
				LastUpgradeCheck = 0800;
				TargetAttributes = {
					265AF74D52742E81C475E0FB = {
						LastSwiftMigration = 0800;
					};
				};
			};
			buildConfigurationList = 1A4789D8D53320D6E2479434 /* Build configuration list for PBXProject "PathTools" */;
			compatibilityVersion = "Xcode 3.2";
			developmentRegion = English;
			hasScannedForEncodings = 0;
			knownRegions = (
				en,
			);
			mainGroup = 9B2DC7BB8911443DA50B5C4D;
			productRefGroup = B99C7DA1B4109BA5DD7F4967 /* Products */;
			projectDirPath = "";
			projectRoot = "";
			targets = (
				265AF74D52742E81C475E0FB /* PathTools iOS */,
				803B79FD5674F6F2DFD55144 /* PathTools iOS Tests */,
				BF61B2F805E6EAE4803EFF1A /* PathTools macOS */,
				DBC650E512F60F48E52EFBBC /* PathTools macOS Tests */,
			);
		};
/* End PBXProject section */

/* Begin PBXShellScriptBuildPhase section */
		0785904D1DE7747400FF1645 /* ShellScript */ = {
			isa = PBXShellScriptBuildPhase;
			buildActionMask = 2147483647;
			files = (
			);
			inputPaths = (
				"$(SRCROOT)/Carthage/Build/iOS/ArithmeticTools.framework",
				"$(SRCROOT)/Carthage/Build/iOS/Collections.framework",
				"$(SRCROOT)/Carthage/Build/iOS/GeometryTools.framework",
			);
			outputPaths = (
			);
			runOnlyForDeploymentPostprocessing = 0;
			shellPath = /bin/sh;
			shellScript = "/usr/local/bin/carthage copy-frameworks";
		};
		0785904E1DE7749700FF1645 /* ShellScript */ = {
			isa = PBXShellScriptBuildPhase;
			buildActionMask = 2147483647;
			files = (
			);
			inputPaths = (
				"$(SRCROOT)/Carthage/Build/Mac/ArithmeticTools.framework",
				"$(SRCROOT)/Carthage/Build/Mac/Collections.framework",
				"$(SRCROOT)/Carthage/Build/Mac/GeometryTools.framework",
				"$(SRCROOT)/Carthage/Build/Mac/PathTools.framework",
			);
			outputPaths = (
			);
			runOnlyForDeploymentPostprocessing = 0;
			shellPath = /bin/sh;
			shellScript = "/usr/local/bin/carthage copy-frameworks";
		};
/* End PBXShellScriptBuildPhase section */

/* Begin PBXSourcesBuildPhase section */
		5E003459D8D2D3565E7BF4A9 /* Sources */ = {
			isa = PBXSourcesBuildPhase;
			buildActionMask = 2147483647;
			files = (
				0701A88B1EE3104F00900B3F /* Point+CGPoint.swift in Sources */,
				07B8DFF41EE718A700BBB814 /* CollisionDetection.swift in Sources */,
				078590431DE7624300FF1645 /* BezierCurve.swift in Sources */,
				07C1F86C1D0C537300541ED5 /* Path+BoundingBox.swift in Sources */,
				0759A4791E3015B000E2E40C /* PathElement+CGPathElement.swift in Sources */,
				07C1F8661D0C513900541ED5 /* Path+Parallelogram.swift in Sources */,
				076547301D0C861C008038B5 /* Path+Ellipse.swift in Sources */,
				07B8DFDC1EE6F92300BBB814 /* ConvexPolygon.swift in Sources */,
				07305A351D0F3F7F006E4085 /* Path+Square.swift in Sources */,
				07088AC61D0AE8A600004FB2 /* Path.swift in Sources */,
				07B8DFE81EE7148500BBB814 /* PolygonProtocol.swift in Sources */,
				07C1F85D1D0C4E2800541ED5 /* Path+Rectangle.swift in Sources */,
				071EF2BA1EE81BD600C0116B /* PolygonError.swift in Sources */,
				07C1F8601D0C4E7400541ED5 /* Path+Circle.swift in Sources */,
				0701A87C1EE305F400900B3F /* Path+CGPath.swift in Sources */,
				078590461DE7625D00FF1645 /* LinearBezierCurve.swift in Sources */,
				0701A8911EE310D000900B3F /* Size+CGSize.swift in Sources */,
				0741EE5A1EE578A50002769D /* Polygon.swift in Sources */,
				07C1F8631D0C4EA900541ED5 /* Path+Transform.swift in Sources */,
				071EF2BD1EE82F1F00C0116B /* VertexCollection.swift in Sources */,
				07600F9C1EE47B410049E8B2 /* Path+CAShapeLayer.swift in Sources */,
				07EC99241D0AF7C8002414A4 /* PathElement.swift in Sources */,
				07B8DFF11EE715EF00BBB814 /* ConvexPolygonContainer.swift in Sources */,
				0701A88E1EE310A500900B3F /* Rectangle+CGRect.swift in Sources */,
				07B8DFDF1EE7074600BBB814 /* Shape.swift in Sources */,
				07B8DFEE1EE7158E00BBB814 /* ConvexPolygonProtocol.swift in Sources */,
				078590491DE7626A00FF1645 /* QuadraticBezierCurve.swift in Sources */,
				07B8DFF71EE71C3700BBB814 /* Polygon+Path.swift in Sources */,
				0785904C1DE7627800FF1645 /* CubicBezierCurve.swift in Sources */,
				076BD5971EE5B63F0064B6E4 /* Triangle.swift in Sources */,
				07C1F8691D0C517400541ED5 /* Path+Arrowhead.swift in Sources */,
			);
			runOnlyForDeploymentPostprocessing = 0;
		};
		66865DF72D12F5D2AC8D249D /* Sources */ = {
			isa = PBXSourcesBuildPhase;
			buildActionMask = 2147483647;
			files = (
				0701A88A1EE3104F00900B3F /* Point+CGPoint.swift in Sources */,
				07B8DFF31EE718A700BBB814 /* CollisionDetection.swift in Sources */,
				078590421DE7624300FF1645 /* BezierCurve.swift in Sources */,
				07C1F86B1D0C537300541ED5 /* Path+BoundingBox.swift in Sources */,
				0759A4781E3015B000E2E40C /* PathElement+CGPathElement.swift in Sources */,
				07C1F8651D0C513900541ED5 /* Path+Parallelogram.swift in Sources */,
				0765472F1D0C861C008038B5 /* Path+Ellipse.swift in Sources */,
				07B8DFDB1EE6F92300BBB814 /* ConvexPolygon.swift in Sources */,
				07305A341D0F3F7F006E4085 /* Path+Square.swift in Sources */,
				07088AC51D0AE8A600004FB2 /* Path.swift in Sources */,
				07B8DFE71EE7148500BBB814 /* PolygonProtocol.swift in Sources */,
				07C1F85C1D0C4E2800541ED5 /* Path+Rectangle.swift in Sources */,
				071EF2B91EE81BD600C0116B /* PolygonError.swift in Sources */,
				07C1F85F1D0C4E7400541ED5 /* Path+Circle.swift in Sources */,
				0701A87B1EE305F400900B3F /* Path+CGPath.swift in Sources */,
				078590451DE7625D00FF1645 /* LinearBezierCurve.swift in Sources */,
				0701A8901EE310D000900B3F /* Size+CGSize.swift in Sources */,
				0741EE591EE578A50002769D /* Polygon.swift in Sources */,
				07C1F8621D0C4EA900541ED5 /* Path+Transform.swift in Sources */,
				071EF2BC1EE82F1F00C0116B /* VertexCollection.swift in Sources */,
				07600F9B1EE47B410049E8B2 /* Path+CAShapeLayer.swift in Sources */,
				07EC99231D0AF7C8002414A4 /* PathElement.swift in Sources */,
				07B8DFF01EE715EF00BBB814 /* ConvexPolygonContainer.swift in Sources */,
				0701A88D1EE310A500900B3F /* Rectangle+CGRect.swift in Sources */,
				07B8DFDE1EE7074600BBB814 /* Shape.swift in Sources */,
				07B8DFED1EE7158E00BBB814 /* ConvexPolygonProtocol.swift in Sources */,
				078590481DE7626A00FF1645 /* QuadraticBezierCurve.swift in Sources */,
				07B8DFF61EE71C3700BBB814 /* Polygon+Path.swift in Sources */,
				0785904B1DE7627800FF1645 /* CubicBezierCurve.swift in Sources */,
				076BD5961EE5B63F0064B6E4 /* Triangle.swift in Sources */,
				07C1F8681D0C517400541ED5 /* Path+Arrowhead.swift in Sources */,
			);
			runOnlyForDeploymentPostprocessing = 0;
		};
		754FD5CD53D0C5B9F589E254 /* Sources */ = {
			isa = PBXSourcesBuildPhase;
			buildActionMask = 2147483647;
			files = (
				07EC99261D0AFC54002414A4 /* PathTests.swift in Sources */,
				0759A47B1E3015F100E2E40C /* PathElementTests.swift in Sources */,
				07600F9E1EE489E90049E8B2 /* EllipseTests.swift in Sources */,
				0701A8A11EE3376800900B3F /* TransformTests.swift in Sources */,
			);
			runOnlyForDeploymentPostprocessing = 0;
		};
		7CABFF78B65F409E2C2E5BFD /* Sources */ = {
			isa = PBXSourcesBuildPhase;
			buildActionMask = 2147483647;
			files = (
				07EC99271D0AFC54002414A4 /* PathTests.swift in Sources */,
				0759A47C1E3015F100E2E40C /* PathElementTests.swift in Sources */,
				07600F9F1EE489E90049E8B2 /* EllipseTests.swift in Sources */,
				0701A8A21EE3376800900B3F /* TransformTests.swift in Sources */,
			);
			runOnlyForDeploymentPostprocessing = 0;
		};
/* End PBXSourcesBuildPhase section */

/* Begin PBXTargetDependency section */
		854438D4E0CA66641EB517CF /* PBXTargetDependency */ = {
			isa = PBXTargetDependency;
			name = PathTools;
			target = 265AF74D52742E81C475E0FB /* PathTools iOS */;
			targetProxy = DA6530E341A891075815218E /* PBXContainerItemProxy */;
		};
		99184980BF287FA6C4DA4C46 /* PBXTargetDependency */ = {
			isa = PBXTargetDependency;
			name = PathToolsMac;
			target = BF61B2F805E6EAE4803EFF1A /* PathTools macOS */;
			targetProxy = A32614C028607458F4D9C03D /* PBXContainerItemProxy */;
		};
/* End PBXTargetDependency section */

/* Begin XCBuildConfiguration section */
		18858C17EF38F574667E98C8 /* Debug */ = {
			isa = XCBuildConfiguration;
			buildSettings = {
				ALWAYS_EMBED_SWIFT_STANDARD_LIBRARIES = YES;
				CLANG_ENABLE_MODULES = YES;
				COMBINE_HIDPI_IMAGES = YES;
				ENABLE_STRICT_OBJC_MSGSEND = YES;
				FRAMEWORK_SEARCH_PATHS = "$(SRCROOT)/Carthage/Build/Mac";
				INFOPLIST_FILE = PathToolsTests/Info.plist;
				LD_RUNPATH_SEARCH_PATHS = "$(inherited) @executable_path/../Frameworks @loader_path/../Frameworks $(SRCROOT)/Carthage/Build/Mac";
				MACOSX_DEPLOYMENT_TARGET = 10.9;
				MTL_ENABLE_DEBUG_INFO = YES;
				PRODUCT_NAME = "$(TARGET_NAME)";
				SDKROOT = macosx;
				SWIFT_OPTIMIZATION_LEVEL = "-Onone";
				SWIFT_VERSION = 3.0;
			};
			name = Debug;
		};
		45AD2F418D1F785FB9EB8BA9 /* Debug */ = {
			isa = XCBuildConfiguration;
			buildSettings = {
				ALWAYS_EMBED_SWIFT_STANDARD_LIBRARIES = NO;
				CLANG_ENABLE_MODULES = YES;
				"CODE_SIGN_IDENTITY[sdk=iphoneos*]" = "";
				CURRENT_PROJECT_VERSION = 1;
				DEFINES_MODULE = YES;
				DYLIB_COMPATIBILITY_VERSION = 1;
				DYLIB_CURRENT_VERSION = 1;
				DYLIB_INSTALL_NAME_BASE = "@rpath";
				ENABLE_BITCODE = NO;
				ENABLE_STRICT_OBJC_MSGSEND = YES;
				FRAMEWORK_SEARCH_PATHS = "$(SRCROOT)/Carthage/Build/iOS";
				INFOPLIST_FILE = PathTools/Info.plist;
				INSTALL_PATH = "$(LOCAL_LIBRARY_DIR)/Frameworks";
				IPHONEOS_DEPLOYMENT_TARGET = 8.4;
				LD_RUNPATH_SEARCH_PATHS = "$(inherited) @executable_path/Frameworks @loader_path/Frameworks";
				MTL_ENABLE_DEBUG_INFO = YES;
				PRODUCT_BUNDLE_IDENTIFIER = com.bean.PathTools;
				PRODUCT_NAME = PathTools;
				SDKROOT = iphoneos;
				SKIP_INSTALL = YES;
				SWIFT_OPTIMIZATION_LEVEL = "-Onone";
				SWIFT_VERSION = 3.0;
				TARGETED_DEVICE_FAMILY = "1,2";
				VERSIONING_SYSTEM = "apple-generic";
				VERSION_INFO_PREFIX = "";
			};
			name = Debug;
		};
		6CDE8B60FAB4A1588BCF665E /* Release */ = {
			isa = XCBuildConfiguration;
			buildSettings = {
				ALWAYS_EMBED_SWIFT_STANDARD_LIBRARIES = YES;
				CLANG_ENABLE_MODULES = YES;
				ENABLE_STRICT_OBJC_MSGSEND = YES;
				FRAMEWORK_SEARCH_PATHS = "$(SRCROOT)/Carthage/Build/iOS";
				INFOPLIST_FILE = PathToolsTests/Info.plist;
				IPHONEOS_DEPLOYMENT_TARGET = 9.3;
				LD_RUNPATH_SEARCH_PATHS = "$(inherited) @executable_path/Frameworks @loader_path/Frameworks $(SRCROOT)/Carthage/Build/iOS";
				MTL_ENABLE_DEBUG_INFO = NO;
				PRODUCT_NAME = "$(TARGET_NAME)";
				SDKROOT = iphoneos;
				SWIFT_VERSION = 3.0;
			};
			name = Release;
		};
		8589D0B5ACC46C346C55C2D7 /* Debug */ = {
			isa = XCBuildConfiguration;
			buildSettings = {
				ALWAYS_EMBED_SWIFT_STANDARD_LIBRARIES = NO;
				CLANG_ENABLE_MODULES = YES;
				CODE_SIGN_IDENTITY = "";
				COMBINE_HIDPI_IMAGES = YES;
				CURRENT_PROJECT_VERSION = 1;
				DEFINES_MODULE = YES;
				DYLIB_COMPATIBILITY_VERSION = 1;
				DYLIB_CURRENT_VERSION = 1;
				DYLIB_INSTALL_NAME_BASE = "@rpath";
				ENABLE_STRICT_OBJC_MSGSEND = YES;
				FRAMEWORK_SEARCH_PATHS = "$(SRCROOT)/Carthage/Build/Mac";
				FRAMEWORK_VERSION = A;
				INFOPLIST_FILE = PathTools/Info.plist;
				INSTALL_PATH = "$(LOCAL_LIBRARY_DIR)/Frameworks";
				LD_RUNPATH_SEARCH_PATHS = "$(inherited) @executable_path/../Frameworks @loader_path/Frameworks";
				MACOSX_DEPLOYMENT_TARGET = 10.9;
				MTL_ENABLE_DEBUG_INFO = YES;
				PRODUCT_BUNDLE_IDENTIFIER = com.bean.PathTools;
				PRODUCT_NAME = PathTools;
				SDKROOT = macosx;
				SKIP_INSTALL = YES;
				SWIFT_OPTIMIZATION_LEVEL = "-Onone";
				SWIFT_VERSION = 3.0;
				VERSIONING_SYSTEM = "apple-generic";
				VERSION_INFO_PREFIX = "";
			};
			name = Debug;
		};
		91C4F907CE457BB7D4652EAB /* Release */ = {
			isa = XCBuildConfiguration;
			buildSettings = {
				ALWAYS_EMBED_SWIFT_STANDARD_LIBRARIES = NO;
				CLANG_ENABLE_MODULES = YES;
				"CODE_SIGN_IDENTITY[sdk=iphoneos*]" = "";
				CURRENT_PROJECT_VERSION = 1;
				DEFINES_MODULE = YES;
				DYLIB_COMPATIBILITY_VERSION = 1;
				DYLIB_CURRENT_VERSION = 1;
				DYLIB_INSTALL_NAME_BASE = "@rpath";
				ENABLE_BITCODE = NO;
				ENABLE_STRICT_OBJC_MSGSEND = YES;
				FRAMEWORK_SEARCH_PATHS = "$(SRCROOT)/Carthage/Build/iOS";
				INFOPLIST_FILE = PathTools/Info.plist;
				INSTALL_PATH = "$(LOCAL_LIBRARY_DIR)/Frameworks";
				IPHONEOS_DEPLOYMENT_TARGET = 8.4;
				LD_RUNPATH_SEARCH_PATHS = "$(inherited) @executable_path/Frameworks @loader_path/Frameworks";
				MTL_ENABLE_DEBUG_INFO = NO;
				PRODUCT_BUNDLE_IDENTIFIER = com.bean.PathTools;
				PRODUCT_NAME = PathTools;
				SDKROOT = iphoneos;
				SKIP_INSTALL = YES;
				SWIFT_VERSION = 3.0;
				TARGETED_DEVICE_FAMILY = "1,2";
				VERSIONING_SYSTEM = "apple-generic";
				VERSION_INFO_PREFIX = "";
			};
			name = Release;
		};
		93F25EDE23B17CCBB072C622 /* Release */ = {
			isa = XCBuildConfiguration;
			buildSettings = {
				ALWAYS_EMBED_SWIFT_STANDARD_LIBRARIES = YES;
				CLANG_ENABLE_MODULES = YES;
				COMBINE_HIDPI_IMAGES = YES;
				DEBUG_INFORMATION_FORMAT = "dwarf-with-dsym";
				ENABLE_STRICT_OBJC_MSGSEND = YES;
				FRAMEWORK_SEARCH_PATHS = "$(SRCROOT)/Carthage/Build/Mac";
				INFOPLIST_FILE = PathToolsTests/Info.plist;
				LD_RUNPATH_SEARCH_PATHS = "$(inherited) @executable_path/../Frameworks @loader_path/../Frameworks $(SRCROOT)/Carthage/Build/Mac";
				MACOSX_DEPLOYMENT_TARGET = 10.9;
				MTL_ENABLE_DEBUG_INFO = NO;
				PRODUCT_NAME = "$(TARGET_NAME)";
				SDKROOT = macosx;
				SWIFT_VERSION = 3.0;
			};
			name = Release;
		};
		ADB550B8654F4679CB628C46 /* Release */ = {
			isa = XCBuildConfiguration;
			buildSettings = {
				ALWAYS_SEARCH_USER_PATHS = NO;
				CLANG_CXX_LANGUAGE_STANDARD = "gnu++0x";
				CLANG_CXX_LIBRARY = "libc++";
				CLANG_ENABLE_MODULES = YES;
				CLANG_ENABLE_OBJC_ARC = YES;
				CLANG_WARN_BOOL_CONVERSION = YES;
				CLANG_WARN_CONSTANT_CONVERSION = YES;
				CLANG_WARN_DIRECT_OBJC_ISA_USAGE = YES;
				CLANG_WARN_EMPTY_BODY = YES;
				CLANG_WARN_ENUM_CONVERSION = YES;
				CLANG_WARN_INFINITE_RECURSION = YES;
				CLANG_WARN_INT_CONVERSION = YES;
				CLANG_WARN_OBJC_ROOT_CLASS = YES;
				CLANG_WARN_SUSPICIOUS_MOVE = YES;
				CLANG_WARN_UNREACHABLE_CODE = YES;
				CLANG_WARN__DUPLICATE_METHOD_MATCH = YES;
				COPY_PHASE_STRIP = YES;
				ENABLE_NS_ASSERTIONS = NO;
				ENABLE_STRICT_OBJC_MSGSEND = YES;
				ENABLE_TESTABILITY = YES;
				GCC_C_LANGUAGE_STANDARD = gnu99;
				GCC_NO_COMMON_BLOCKS = YES;
				GCC_WARN_64_TO_32_BIT_CONVERSION = YES;
				GCC_WARN_ABOUT_RETURN_TYPE = YES;
				GCC_WARN_UNDECLARED_SELECTOR = YES;
				GCC_WARN_UNINITIALIZED_AUTOS = YES;
				GCC_WARN_UNUSED_FUNCTION = YES;
				GCC_WARN_UNUSED_VARIABLE = YES;
				SWIFT_OPTIMIZATION_LEVEL = "-Owholemodule";
				VALIDATE_PRODUCT = YES;
			};
			name = Release;
		};
		B57AB94186710D0ACD6C4986 /* Release */ = {
			isa = XCBuildConfiguration;
			buildSettings = {
				ALWAYS_EMBED_SWIFT_STANDARD_LIBRARIES = NO;
				CLANG_ENABLE_MODULES = YES;
				CODE_SIGN_IDENTITY = "";
				COMBINE_HIDPI_IMAGES = YES;
				CURRENT_PROJECT_VERSION = 1;
				DEBUG_INFORMATION_FORMAT = "dwarf-with-dsym";
				DEFINES_MODULE = YES;
				DYLIB_COMPATIBILITY_VERSION = 1;
				DYLIB_CURRENT_VERSION = 1;
				DYLIB_INSTALL_NAME_BASE = "@rpath";
				ENABLE_STRICT_OBJC_MSGSEND = YES;
				FRAMEWORK_SEARCH_PATHS = "$(SRCROOT)/Carthage/Build/Mac";
				FRAMEWORK_VERSION = A;
				INFOPLIST_FILE = PathTools/Info.plist;
				INSTALL_PATH = "$(LOCAL_LIBRARY_DIR)/Frameworks";
				LD_RUNPATH_SEARCH_PATHS = "$(inherited) @executable_path/../Frameworks @loader_path/Frameworks";
				MACOSX_DEPLOYMENT_TARGET = 10.9;
				MTL_ENABLE_DEBUG_INFO = NO;
				PRODUCT_BUNDLE_IDENTIFIER = com.bean.PathTools;
				PRODUCT_NAME = PathTools;
				SDKROOT = macosx;
				SKIP_INSTALL = YES;
				SWIFT_VERSION = 3.0;
				VERSIONING_SYSTEM = "apple-generic";
				VERSION_INFO_PREFIX = "";
			};
			name = Release;
		};
		BF79E6B6641F39E7A0E0738A /* Debug */ = {
			isa = XCBuildConfiguration;
			buildSettings = {
				ALWAYS_SEARCH_USER_PATHS = NO;
				CLANG_CXX_LANGUAGE_STANDARD = "gnu++0x";
				CLANG_CXX_LIBRARY = "libc++";
				CLANG_ENABLE_MODULES = YES;
				CLANG_ENABLE_OBJC_ARC = YES;
				CLANG_WARN_BOOL_CONVERSION = YES;
				CLANG_WARN_CONSTANT_CONVERSION = YES;
				CLANG_WARN_DIRECT_OBJC_ISA_USAGE = YES;
				CLANG_WARN_EMPTY_BODY = YES;
				CLANG_WARN_ENUM_CONVERSION = YES;
				CLANG_WARN_INFINITE_RECURSION = YES;
				CLANG_WARN_INT_CONVERSION = YES;
				CLANG_WARN_OBJC_ROOT_CLASS = YES;
				CLANG_WARN_SUSPICIOUS_MOVE = YES;
				CLANG_WARN_UNREACHABLE_CODE = YES;
				CLANG_WARN__DUPLICATE_METHOD_MATCH = YES;
				COPY_PHASE_STRIP = NO;
				ENABLE_STRICT_OBJC_MSGSEND = YES;
				ENABLE_TESTABILITY = YES;
				GCC_C_LANGUAGE_STANDARD = gnu99;
				GCC_DYNAMIC_NO_PIC = NO;
				GCC_NO_COMMON_BLOCKS = YES;
				GCC_OPTIMIZATION_LEVEL = 0;
				GCC_PREPROCESSOR_DEFINITIONS = (
					"DEBUG=1",
					"$(inherited)",
				);
				GCC_SYMBOLS_PRIVATE_EXTERN = NO;
				GCC_WARN_64_TO_32_BIT_CONVERSION = YES;
				GCC_WARN_ABOUT_RETURN_TYPE = YES;
				GCC_WARN_UNDECLARED_SELECTOR = YES;
				GCC_WARN_UNINITIALIZED_AUTOS = YES;
				GCC_WARN_UNUSED_FUNCTION = YES;
				GCC_WARN_UNUSED_VARIABLE = YES;
				ONLY_ACTIVE_ARCH = YES;
			};
			name = Debug;
		};
		F35BF5EF6F7FED621E043218 /* Debug */ = {
			isa = XCBuildConfiguration;
			buildSettings = {
				ALWAYS_EMBED_SWIFT_STANDARD_LIBRARIES = YES;
				CLANG_ENABLE_MODULES = YES;
				ENABLE_STRICT_OBJC_MSGSEND = YES;
				FRAMEWORK_SEARCH_PATHS = "$(SRCROOT)/Carthage/Build/iOS";
				INFOPLIST_FILE = PathToolsTests/Info.plist;
				IPHONEOS_DEPLOYMENT_TARGET = 9.3;
				LD_RUNPATH_SEARCH_PATHS = "$(inherited) @executable_path/Frameworks @loader_path/Frameworks $(SRCROOT)/Carthage/Build/iOS";
				MTL_ENABLE_DEBUG_INFO = YES;
				PRODUCT_NAME = "$(TARGET_NAME)";
				SDKROOT = iphoneos;
				SWIFT_OPTIMIZATION_LEVEL = "-Onone";
				SWIFT_VERSION = 3.0;
			};
			name = Debug;
		};
/* End XCBuildConfiguration section */

/* Begin XCConfigurationList section */
		1A4789D8D53320D6E2479434 /* Build configuration list for PBXProject "PathTools" */ = {
			isa = XCConfigurationList;
			buildConfigurations = (
				BF79E6B6641F39E7A0E0738A /* Debug */,
				ADB550B8654F4679CB628C46 /* Release */,
			);
			defaultConfigurationIsVisible = 0;
			defaultConfigurationName = Release;
		};
		60060FAD382CE00CA864454F /* Build configuration list for PBXNativeTarget "PathTools iOS Tests" */ = {
			isa = XCConfigurationList;
			buildConfigurations = (
				6CDE8B60FAB4A1588BCF665E /* Release */,
				F35BF5EF6F7FED621E043218 /* Debug */,
			);
			defaultConfigurationIsVisible = 0;
			defaultConfigurationName = Release;
		};
		97607844991FCC3DB0C737C1 /* Build configuration list for PBXNativeTarget "PathTools iOS" */ = {
			isa = XCConfigurationList;
			buildConfigurations = (
				91C4F907CE457BB7D4652EAB /* Release */,
				45AD2F418D1F785FB9EB8BA9 /* Debug */,
			);
			defaultConfigurationIsVisible = 0;
			defaultConfigurationName = Release;
		};
		B4684FD5060A7AFB3923FA1F /* Build configuration list for PBXNativeTarget "PathTools macOS Tests" */ = {
			isa = XCConfigurationList;
			buildConfigurations = (
				93F25EDE23B17CCBB072C622 /* Release */,
				18858C17EF38F574667E98C8 /* Debug */,
			);
			defaultConfigurationIsVisible = 0;
			defaultConfigurationName = Release;
		};
		F3E655FAB6CB594D8D1EE768 /* Build configuration list for PBXNativeTarget "PathTools macOS" */ = {
			isa = XCConfigurationList;
			buildConfigurations = (
				B57AB94186710D0ACD6C4986 /* Release */,
				8589D0B5ACC46C346C55C2D7 /* Debug */,
			);
			defaultConfigurationIsVisible = 0;
			defaultConfigurationName = Release;
		};
/* End XCConfigurationList section */
	};
	rootObject = 218DA9722E70AA04CE1CE7E2 /* Project object */;
}
